
Microsoft Visual Studio Solution File, Format Version 12.00
# Visual Studio 14
VisualStudioVersion = 14.0.25123.0
MinimumVisualStudioVersion = 10.0.40219.1
Project("{FAE04EC0-301F-11D3-BF4B-00C04F79EFBC}") = "SW_API2012", "SW_API2012.csproj", "{62C022DA-08D7-4229-9FA0-B5CBEE5F5074}"
EndProject
Project("{FAE04EC0-301F-11D3-BF4B-00C04F79EFBC}") = "PTL", "..\..\PTL-Project\PTL.csproj", "{6808380D-A59B-46C9-AA13-DCB968182DC3}"
EndProject
Project("{54435603-DBB4-11D2-8724-00A0C9A8B90C}") = "Automatic Gear Building_SolidWorks _Setup", "..\Automatic Gear Building_SolidWorks _Setup\Automatic Gear Building_SolidWorks _Setup.vdproj", "{9099A56D-7456-43B9-9A5B-F692B5A0F820}"
EndProject
Global
	GlobalSection(SolutionConfigurationPlatforms) = preSolution
		Debug|Any CPU = Debug|Any CPU
		Release|Any CPU = Release|Any CPU
	EndGlobalSection
	GlobalSection(ProjectConfigurationPlatforms) = postSolution
		{62C022DA-08D7-4229-9FA0-B5CBEE5F5074}.Debug|Any CPU.ActiveCfg = Debug|Any CPU
		{62C022DA-08D7-4229-9FA0-B5CBEE5F5074}.Debug|Any CPU.Build.0 = Debug|Any CPU
		{62C022DA-08D7-4229-9FA0-B5CBEE5F5074}.Release|Any CPU.ActiveCfg = Release|Any CPU
		{62C022DA-08D7-4229-9FA0-B5CBEE5F5074}.Release|Any CPU.Build.0 = Release|Any CPU
		{6808380D-A59B-46C9-AA13-DCB968182DC3}.Debug|Any CPU.ActiveCfg = Debug|Any CPU
		{6808380D-A59B-46C9-AA13-DCB968182DC3}.Debug|Any CPU.Build.0 = Debug|Any CPU
		{6808380D-A59B-46C9-AA13-DCB968182DC3}.Release|Any CPU.ActiveCfg = Release|Any CPU
		{6808380D-A59B-46C9-AA13-DCB968182DC3}.Release|Any CPU.Build.0 = Release|Any CPU
		{9099A56D-7456-43B9-9A5B-F692B5A0F820}.Debug|Any CPU.ActiveCfg = Debug
		{9099A56D-7456-43B9-9A5B-F692B5A0F820}.Release|Any CPU.ActiveCfg = Release
	EndGlobalSection
	GlobalSection(SolutionProperties) = preSolution
		HideSolutionNode = FALSE
	EndGlobalSection
EndGlobal
